
Microsoft Visual Studio Solution File, Format Version 12.00
# Visual Studio 15
VisualStudioVersion = 15.0.26430.14
MinimumVisualStudioVersion = 10.0.40219.1
Project("{2150E333-8FDC-42A3-9474-1A3956D46DE8}") = "build", "build", "{2177A4CA-E3F3-4F29-8354-2574BD3BEDA0}"
	ProjectSection(SolutionItems) = preProject
		..\build\build.cmd = ..\build\build.cmd
		..\build\build.fsx = ..\build\build.fsx
		..\build\version.json = ..\build\version.json
	EndProjectSection
EndProject
Project("{2150E333-8FDC-42A3-9474-1A3956D46DE8}") = "build-tools", "build-tools", "{2BF1F935-656B-430D-8106-D9DEF6DC0C4E}"
	ProjectSection(SolutionItems) = preProject
		..\build\build-tools\pact.fsx = ..\build\build-tools\pact.fsx
		..\build\build-tools\version.fsx = ..\build\build-tools\version.fsx
	EndProjectSection
EndProject
Project("{FAE04EC0-301F-11D3-BF4B-00C04F79EFBC}") = "SEEK.AdPostingApi.Client", "SEEK.AdPostingApi.Client\SEEK.AdPostingApi.Client.csproj", "{8E851EC8-CA55-4940-9F7E-8DA547734FBA}"
EndProject
Project("{FAE04EC0-301F-11D3-BF4B-00C04F79EFBC}") = "SEEK.AdPostingApi.Client.Tests", "SEEK.AdPostingApi.Client.Tests\SEEK.AdPostingApi.Client.Tests.csproj", "{7ED7ADDF-55DF-4BED-B5A3-2019B7A2969B}"
EndProject
Project("{FAE04EC0-301F-11D3-BF4B-00C04F79EFBC}") = "SEEK.AdPostingApi.SampleConsumer", "SEEK.AdPostingApi.SampleConsumer\SEEK.AdPostingApi.SampleConsumer.csproj", "{DCDA0CFC-BF7F-4212-A106-512D5BD9E805}"
EndProject
Global
	GlobalSection(SolutionConfigurationPlatforms) = preSolution
		Debug|Any CPU = Debug|Any CPU
		Release|Any CPU = Release|Any CPU
	EndGlobalSection
	GlobalSection(ProjectConfigurationPlatforms) = postSolution
		{8E851EC8-CA55-4940-9F7E-8DA547734FBA}.Debug|Any CPU.ActiveCfg = Debug|Any CPU
		{8E851EC8-CA55-4940-9F7E-8DA547734FBA}.Debug|Any CPU.Build.0 = Debug|Any CPU
		{8E851EC8-CA55-4940-9F7E-8DA547734FBA}.Release|Any CPU.ActiveCfg = Release|Any CPU
		{8E851EC8-CA55-4940-9F7E-8DA547734FBA}.Release|Any CPU.Build.0 = Release|Any CPU
		{7ED7ADDF-55DF-4BED-B5A3-2019B7A2969B}.Debug|Any CPU.ActiveCfg = Debug|Any CPU
		{7ED7ADDF-55DF-4BED-B5A3-2019B7A2969B}.Debug|Any CPU.Build.0 = Debug|Any CPU
		{7ED7ADDF-55DF-4BED-B5A3-2019B7A2969B}.Release|Any CPU.ActiveCfg = Release|Any CPU
		{7ED7ADDF-55DF-4BED-B5A3-2019B7A2969B}.Release|Any CPU.Build.0 = Release|Any CPU
		{DCDA0CFC-BF7F-4212-A106-512D5BD9E805}.Debug|Any CPU.ActiveCfg = Debug|Any CPU
		{DCDA0CFC-BF7F-4212-A106-512D5BD9E805}.Debug|Any CPU.Build.0 = Debug|Any CPU
		{DCDA0CFC-BF7F-4212-A106-512D5BD9E805}.Release|Any CPU.ActiveCfg = Release|Any CPU
		{DCDA0CFC-BF7F-4212-A106-512D5BD9E805}.Release|Any CPU.Build.0 = Release|Any CPU
	EndGlobalSection
	GlobalSection(SolutionProperties) = preSolution
		HideSolutionNode = FALSE
	EndGlobalSection
	GlobalSection(NestedProjects) = preSolution
		{2BF1F935-656B-430D-8106-D9DEF6DC0C4E} = {2177A4CA-E3F3-4F29-8354-2574BD3BEDA0}
	EndGlobalSection
EndGlobal
