
Microsoft Visual Studio Solution File, Format Version 12.00
# Visual Studio 14
VisualStudioVersion = 14.0.24720.0
MinimumVisualStudioVersion = 10.0.40219.1
Project("{2150E333-8FDC-42A3-9474-1A3956D46DE8}") = ".nuget", ".nuget", "{13E60546-A5EF-45DC-90D3-5C047287BD3C}"
	ProjectSection(SolutionItems) = preProject
		..\.nuget\NuGet.Config = ..\.nuget\NuGet.Config
	EndProjectSection
EndProject
Project("{FAE04EC0-301F-11D3-BF4B-00C04F79EFBC}") = "SEEK.AdPostingApi.SampleConsumer", "SEEK.AdPostingApi.SampleConsumer\SEEK.AdPostingApi.SampleConsumer.csproj", "{CA4A7692-B044-47FF-A08E-70B27A1571A2}"
	ProjectSection(ProjectDependencies) = postProject
		{CCBCFA40-1BB1-4A7D-9539-03B54C6719F4} = {CCBCFA40-1BB1-4A7D-9539-03B54C6719F4}
	EndProjectSection
EndProject
Project("{FAE04EC0-301F-11D3-BF4B-00C04F79EFBC}") = "SEEK.AdPostingApi.Client", "SEEK.AdPostingApi.Client\SEEK.AdPostingApi.Client.csproj", "{CCBCFA40-1BB1-4A7D-9539-03B54C6719F4}"
EndProject
Project("{FAE04EC0-301F-11D3-BF4B-00C04F79EFBC}") = "SEEK.AdPostingApi.SampleConsumer.Tests", "SEEK.AdPostingApi.SampleConsumer.Tests\SEEK.AdPostingApi.SampleConsumer.Tests.csproj", "{593C2601-29C7-4E37-B58A-1BBA33CF6AC8}"
EndProject
Global
	GlobalSection(SolutionConfigurationPlatforms) = preSolution
		Debug|Any CPU = Debug|Any CPU
		Release|Any CPU = Release|Any CPU
	EndGlobalSection
	GlobalSection(ProjectConfigurationPlatforms) = postSolution
		{CA4A7692-B044-47FF-A08E-70B27A1571A2}.Debug|Any CPU.ActiveCfg = Debug|Any CPU
		{CA4A7692-B044-47FF-A08E-70B27A1571A2}.Debug|Any CPU.Build.0 = Debug|Any CPU
		{CA4A7692-B044-47FF-A08E-70B27A1571A2}.Release|Any CPU.ActiveCfg = Release|Any CPU
		{CA4A7692-B044-47FF-A08E-70B27A1571A2}.Release|Any CPU.Build.0 = Release|Any CPU
		{CCBCFA40-1BB1-4A7D-9539-03B54C6719F4}.Debug|Any CPU.ActiveCfg = Debug|Any CPU
		{CCBCFA40-1BB1-4A7D-9539-03B54C6719F4}.Debug|Any CPU.Build.0 = Debug|Any CPU
		{CCBCFA40-1BB1-4A7D-9539-03B54C6719F4}.Release|Any CPU.ActiveCfg = Release|Any CPU
		{CCBCFA40-1BB1-4A7D-9539-03B54C6719F4}.Release|Any CPU.Build.0 = Release|Any CPU
		{593C2601-29C7-4E37-B58A-1BBA33CF6AC8}.Debug|Any CPU.ActiveCfg = Debug|Any CPU
		{593C2601-29C7-4E37-B58A-1BBA33CF6AC8}.Debug|Any CPU.Build.0 = Debug|Any CPU
		{593C2601-29C7-4E37-B58A-1BBA33CF6AC8}.Release|Any CPU.ActiveCfg = Release|Any CPU
		{593C2601-29C7-4E37-B58A-1BBA33CF6AC8}.Release|Any CPU.Build.0 = Release|Any CPU
	EndGlobalSection
	GlobalSection(SolutionProperties) = preSolution
		HideSolutionNode = FALSE
	EndGlobalSection
EndGlobal
